// !$*UTF8*$!
{
	archiveVersion = 1;
	classes = {
	};
	objectVersion = 46;
	objects = {

/* Begin PBXBuildFile section */
		FF1B96401E8873F400944468 /* LightsViewModel.swift in Sources */ = {isa = PBXBuildFile; fileRef = FF1B963F1E8873F400944468 /* LightsViewModel.swift */; };
		FF1B96421E88747C00944468 /* RoomType.swift in Sources */ = {isa = PBXBuildFile; fileRef = FF1B96411E88747C00944468 /* RoomType.swift */; };
		FF1B96441E8875DE00944468 /* LightItemViewModel.swift in Sources */ = {isa = PBXBuildFile; fileRef = FF1B96431E8875DE00944468 /* LightItemViewModel.swift */; };
		FF1B96491E8878AE00944468 /* Room.swift in Sources */ = {isa = PBXBuildFile; fileRef = FF1B96481E8878AE00944468 /* Room.swift */; };
		FF1B964B1E887E2500944468 /* LightTableViewCell.swift in Sources */ = {isa = PBXBuildFile; fileRef = FF1B964A1E887E2500944468 /* LightTableViewCell.swift */; };
		FF1B964D1E888F9600944468 /* UIImage+UIColors.swift in Sources */ = {isa = PBXBuildFile; fileRef = FF1B964C1E888F9600944468 /* UIImage+UIColors.swift */; };
		FF34CE011E80B960007CF4F2 /* AppDelegate.swift in Sources */ = {isa = PBXBuildFile; fileRef = FF34CE001E80B960007CF4F2 /* AppDelegate.swift */; };
		FF34CE031E80B960007CF4F2 /* ProfileViewController.swift in Sources */ = {isa = PBXBuildFile; fileRef = FF34CE021E80B960007CF4F2 /* ProfileViewController.swift */; };
		FF34CE0A1E80B962007CF4F2 /* Assets.xcassets in Resources */ = {isa = PBXBuildFile; fileRef = FF34CE091E80B962007CF4F2 /* Assets.xcassets */; };
		FF34CE0D1E80B962007CF4F2 /* LaunchScreen.storyboard in Resources */ = {isa = PBXBuildFile; fileRef = FF34CE0B1E80B962007CF4F2 /* LaunchScreen.storyboard */; };
		FF34CE1F1E80BA2E007CF4F2 /* ViewConfiguration.swift in Sources */ = {isa = PBXBuildFile; fileRef = FF34CE1E1E80BA2E007CF4F2 /* ViewConfiguration.swift */; };
		FF34CE231E80BA76007CF4F2 /* ViewModel.swift in Sources */ = {isa = PBXBuildFile; fileRef = FF34CE221E80BA76007CF4F2 /* ViewModel.swift */; };
		FF34CE291E80BAF7007CF4F2 /* JSONAble.swift in Sources */ = {isa = PBXBuildFile; fileRef = FF34CE281E80BAF7007CF4F2 /* JSONAble.swift */; };
		FF34CE2B1E80BB18007CF4F2 /* User.swift in Sources */ = {isa = PBXBuildFile; fileRef = FF34CE2A1E80BB18007CF4F2 /* User.swift */; };
		FF34CE2D1E80C18D007CF4F2 /* AppRouter.swift in Sources */ = {isa = PBXBuildFile; fileRef = FF34CE2C1E80C18D007CF4F2 /* AppRouter.swift */; };
		FF34CE301E80CA95007CF4F2 /* Observable+SwiftJSON.swift in Sources */ = {isa = PBXBuildFile; fileRef = FF34CE2F1E80CA95007CF4F2 /* Observable+SwiftJSON.swift */; };
		FF34CE321E80CB2F007CF4F2 /* PHNavigationController.swift in Sources */ = {isa = PBXBuildFile; fileRef = FF34CE311E80CB2F007CF4F2 /* PHNavigationController.swift */; };
		FF34CE341E80CBA8007CF4F2 /* Styles.swift in Sources */ = {isa = PBXBuildFile; fileRef = FF34CE331E80CBA8007CF4F2 /* Styles.swift */; };
		FF34CE361E80D535007CF4F2 /* PHTabBarController.swift in Sources */ = {isa = PBXBuildFile; fileRef = FF34CE351E80D535007CF4F2 /* PHTabBarController.swift */; };
		FF34CE391E80D6BA007CF4F2 /* LightsTableViewController.swift in Sources */ = {isa = PBXBuildFile; fileRef = FF34CE381E80D6BA007CF4F2 /* LightsTableViewController.swift */; };
		FF34CE3C1E80D73D007CF4F2 /* InfoViewController.swift in Sources */ = {isa = PBXBuildFile; fileRef = FF34CE3B1E80D73D007CF4F2 /* InfoViewController.swift */; };
		FF34CE3F1E80D7E8007CF4F2 /* DashboardViewController.swift in Sources */ = {isa = PBXBuildFile; fileRef = FF34CE3E1E80D7E8007CF4F2 /* DashboardViewController.swift */; };
		FFA826991E949AEF00AFE2AD /* Alamofire.framework in Frameworks */ = {isa = PBXBuildFile; fileRef = FFA826701E94964B00AFE2AD /* Alamofire.framework */; };
		FFA8269A1E949AEF00AFE2AD /* Alamofire.framework in Embed Frameworks */ = {isa = PBXBuildFile; fileRef = FFA826701E94964B00AFE2AD /* Alamofire.framework */; settings = {ATTRIBUTES = (CodeSignOnCopy, RemoveHeadersOnCopy, ); }; };
		FFA8269B1E949AEF00AFE2AD /* Moya.framework in Frameworks */ = {isa = PBXBuildFile; fileRef = FFA826711E94964B00AFE2AD /* Moya.framework */; };
		FFA8269C1E949AEF00AFE2AD /* Moya.framework in Embed Frameworks */ = {isa = PBXBuildFile; fileRef = FFA826711E94964B00AFE2AD /* Moya.framework */; settings = {ATTRIBUTES = (CodeSignOnCopy, RemoveHeadersOnCopy, ); }; };
		FFA8269D1E949AEF00AFE2AD /* NSObject_Rx.framework in Frameworks */ = {isa = PBXBuildFile; fileRef = FFA826721E94964B00AFE2AD /* NSObject_Rx.framework */; };
		FFA8269E1E949AEF00AFE2AD /* NSObject_Rx.framework in Embed Frameworks */ = {isa = PBXBuildFile; fileRef = FFA826721E94964B00AFE2AD /* NSObject_Rx.framework */; settings = {ATTRIBUTES = (CodeSignOnCopy, RemoveHeadersOnCopy, ); }; };
		FFA8269F1E949AEF00AFE2AD /* Result.framework in Frameworks */ = {isa = PBXBuildFile; fileRef = FFA826731E94964B00AFE2AD /* Result.framework */; };
		FFA826A01E949AEF00AFE2AD /* Result.framework in Embed Frameworks */ = {isa = PBXBuildFile; fileRef = FFA826731E94964B00AFE2AD /* Result.framework */; settings = {ATTRIBUTES = (CodeSignOnCopy, RemoveHeadersOnCopy, ); }; };
		FFA826A31E949AEF00AFE2AD /* RxCocoa.framework in Frameworks */ = {isa = PBXBuildFile; fileRef = FFA826751E94964B00AFE2AD /* RxCocoa.framework */; };
		FFA826A41E949AEF00AFE2AD /* RxCocoa.framework in Embed Frameworks */ = {isa = PBXBuildFile; fileRef = FFA826751E94964B00AFE2AD /* RxCocoa.framework */; settings = {ATTRIBUTES = (CodeSignOnCopy, RemoveHeadersOnCopy, ); }; };
		FFA826A51E949AEF00AFE2AD /* RxMoya.framework in Frameworks */ = {isa = PBXBuildFile; fileRef = FFA826761E94964B00AFE2AD /* RxMoya.framework */; };
		FFA826A61E949AEF00AFE2AD /* RxMoya.framework in Embed Frameworks */ = {isa = PBXBuildFile; fileRef = FFA826761E94964B00AFE2AD /* RxMoya.framework */; settings = {ATTRIBUTES = (CodeSignOnCopy, RemoveHeadersOnCopy, ); }; };
		FFA826A71E949AEF00AFE2AD /* RxSwift.framework in Frameworks */ = {isa = PBXBuildFile; fileRef = FFA826771E94964B00AFE2AD /* RxSwift.framework */; };
		FFA826A81E949AEF00AFE2AD /* RxSwift.framework in Embed Frameworks */ = {isa = PBXBuildFile; fileRef = FFA826771E94964B00AFE2AD /* RxSwift.framework */; settings = {ATTRIBUTES = (CodeSignOnCopy, RemoveHeadersOnCopy, ); }; };
		FFA826AB1E949AEF00AFE2AD /* SwiftyJSON.framework in Frameworks */ = {isa = PBXBuildFile; fileRef = FFA826791E94964B00AFE2AD /* SwiftyJSON.framework */; };
		FFA826AC1E949AEF00AFE2AD /* SwiftyJSON.framework in Embed Frameworks */ = {isa = PBXBuildFile; fileRef = FFA826791E94964B00AFE2AD /* SwiftyJSON.framework */; settings = {ATTRIBUTES = (CodeSignOnCopy, RemoveHeadersOnCopy, ); }; };
		FFF4A9AE1EA1F7E500280E7A /* Media.xcassets in Resources */ = {isa = PBXBuildFile; fileRef = FFF4A9AD1EA1F7E500280E7A /* Media.xcassets */; };
/* End PBXBuildFile section */

/* Begin PBXCopyFilesBuildPhase section */
		FFA826AD1E949AEF00AFE2AD /* Embed Frameworks */ = {
			isa = PBXCopyFilesBuildPhase;
			buildActionMask = 2147483647;
			dstPath = "";
			dstSubfolderSpec = 10;
			files = (
				FFA826A41E949AEF00AFE2AD /* RxCocoa.framework in Embed Frameworks */,
				FFA8269C1E949AEF00AFE2AD /* Moya.framework in Embed Frameworks */,
				FFA826AC1E949AEF00AFE2AD /* SwiftyJSON.framework in Embed Frameworks */,
				FFA8269E1E949AEF00AFE2AD /* NSObject_Rx.framework in Embed Frameworks */,
				FFA826A81E949AEF00AFE2AD /* RxSwift.framework in Embed Frameworks */,
				FFA8269A1E949AEF00AFE2AD /* Alamofire.framework in Embed Frameworks */,
				FFA826A61E949AEF00AFE2AD /* RxMoya.framework in Embed Frameworks */,
				FFA826A01E949AEF00AFE2AD /* Result.framework in Embed Frameworks */,
			);
			name = "Embed Frameworks";
			runOnlyForDeploymentPostprocessing = 0;
		};
/* End PBXCopyFilesBuildPhase section */

/* Begin PBXFileReference section */
		FF1B963F1E8873F400944468 /* LightsViewModel.swift */ = {isa = PBXFileReference; fileEncoding = 4; lastKnownFileType = sourcecode.swift; path = LightsViewModel.swift; sourceTree = "<group>"; };
		FF1B96411E88747C00944468 /* RoomType.swift */ = {isa = PBXFileReference; fileEncoding = 4; lastKnownFileType = sourcecode.swift; path = RoomType.swift; sourceTree = "<group>"; };
		FF1B96431E8875DE00944468 /* LightItemViewModel.swift */ = {isa = PBXFileReference; fileEncoding = 4; lastKnownFileType = sourcecode.swift; path = LightItemViewModel.swift; sourceTree = "<group>"; };
		FF1B96481E8878AE00944468 /* Room.swift */ = {isa = PBXFileReference; fileEncoding = 4; lastKnownFileType = sourcecode.swift; path = Room.swift; sourceTree = "<group>"; };
		FF1B964A1E887E2500944468 /* LightTableViewCell.swift */ = {isa = PBXFileReference; fileEncoding = 4; lastKnownFileType = sourcecode.swift; path = LightTableViewCell.swift; sourceTree = "<group>"; };
		FF1B964C1E888F9600944468 /* UIImage+UIColors.swift */ = {isa = PBXFileReference; fileEncoding = 4; lastKnownFileType = sourcecode.swift; path = "UIImage+UIColors.swift"; sourceTree = "<group>"; };
		FF34CDFD1E80B95F007CF4F2 /* PicassoHouse.app */ = {isa = PBXFileReference; explicitFileType = wrapper.application; includeInIndex = 0; path = PicassoHouse.app; sourceTree = BUILT_PRODUCTS_DIR; };
		FF34CE001E80B960007CF4F2 /* AppDelegate.swift */ = {isa = PBXFileReference; lastKnownFileType = sourcecode.swift; path = AppDelegate.swift; sourceTree = "<group>"; };
		FF34CE021E80B960007CF4F2 /* ProfileViewController.swift */ = {isa = PBXFileReference; lastKnownFileType = sourcecode.swift; path = ProfileViewController.swift; sourceTree = "<group>"; };
		FF34CE091E80B962007CF4F2 /* Assets.xcassets */ = {isa = PBXFileReference; lastKnownFileType = folder.assetcatalog; path = Assets.xcassets; sourceTree = "<group>"; };
		FF34CE0C1E80B962007CF4F2 /* Base */ = {isa = PBXFileReference; lastKnownFileType = file.storyboard; name = Base; path = Base.lproj/LaunchScreen.storyboard; sourceTree = "<group>"; };
		FF34CE0E1E80B962007CF4F2 /* Info.plist */ = {isa = PBXFileReference; lastKnownFileType = text.plist.xml; path = Info.plist; sourceTree = "<group>"; };
		FF34CE1E1E80BA2E007CF4F2 /* ViewConfiguration.swift */ = {isa = PBXFileReference; fileEncoding = 4; lastKnownFileType = sourcecode.swift; path = ViewConfiguration.swift; sourceTree = "<group>"; };
		FF34CE221E80BA76007CF4F2 /* ViewModel.swift */ = {isa = PBXFileReference; fileEncoding = 4; lastKnownFileType = sourcecode.swift; path = ViewModel.swift; sourceTree = "<group>"; };
		FF34CE281E80BAF7007CF4F2 /* JSONAble.swift */ = {isa = PBXFileReference; fileEncoding = 4; lastKnownFileType = sourcecode.swift; path = JSONAble.swift; sourceTree = "<group>"; };
		FF34CE2A1E80BB18007CF4F2 /* User.swift */ = {isa = PBXFileReference; fileEncoding = 4; lastKnownFileType = sourcecode.swift; path = User.swift; sourceTree = "<group>"; };
		FF34CE2C1E80C18D007CF4F2 /* AppRouter.swift */ = {isa = PBXFileReference; fileEncoding = 4; lastKnownFileType = sourcecode.swift; path = AppRouter.swift; sourceTree = "<group>"; };
		FF34CE2F1E80CA95007CF4F2 /* Observable+SwiftJSON.swift */ = {isa = PBXFileReference; fileEncoding = 4; lastKnownFileType = sourcecode.swift; path = "Observable+SwiftJSON.swift"; sourceTree = "<group>"; };
		FF34CE311E80CB2F007CF4F2 /* PHNavigationController.swift */ = {isa = PBXFileReference; fileEncoding = 4; lastKnownFileType = sourcecode.swift; path = PHNavigationController.swift; sourceTree = "<group>"; };
		FF34CE331E80CBA8007CF4F2 /* Styles.swift */ = {isa = PBXFileReference; fileEncoding = 4; lastKnownFileType = sourcecode.swift; path = Styles.swift; sourceTree = "<group>"; };
		FF34CE351E80D535007CF4F2 /* PHTabBarController.swift */ = {isa = PBXFileReference; fileEncoding = 4; lastKnownFileType = sourcecode.swift; path = PHTabBarController.swift; sourceTree = "<group>"; };
		FF34CE381E80D6BA007CF4F2 /* LightsTableViewController.swift */ = {isa = PBXFileReference; fileEncoding = 4; lastKnownFileType = sourcecode.swift; path = LightsTableViewController.swift; sourceTree = "<group>"; };
		FF34CE3B1E80D73D007CF4F2 /* InfoViewController.swift */ = {isa = PBXFileReference; fileEncoding = 4; lastKnownFileType = sourcecode.swift; path = InfoViewController.swift; sourceTree = "<group>"; };
		FF34CE3E1E80D7E8007CF4F2 /* DashboardViewController.swift */ = {isa = PBXFileReference; fileEncoding = 4; lastKnownFileType = sourcecode.swift; path = DashboardViewController.swift; sourceTree = "<group>"; };
		FFA826701E94964B00AFE2AD /* Alamofire.framework */ = {isa = PBXFileReference; lastKnownFileType = wrapper.framework; name = Alamofire.framework; path = Carthage/Build/iOS/Alamofire.framework; sourceTree = "<group>"; };
		FFA826711E94964B00AFE2AD /* Moya.framework */ = {isa = PBXFileReference; lastKnownFileType = wrapper.framework; name = Moya.framework; path = Carthage/Build/iOS/Moya.framework; sourceTree = "<group>"; };
		FFA826721E94964B00AFE2AD /* NSObject_Rx.framework */ = {isa = PBXFileReference; lastKnownFileType = wrapper.framework; name = NSObject_Rx.framework; path = Carthage/Build/iOS/NSObject_Rx.framework; sourceTree = "<group>"; };
		FFA826731E94964B00AFE2AD /* Result.framework */ = {isa = PBXFileReference; lastKnownFileType = wrapper.framework; name = Result.framework; path = Carthage/Build/iOS/Result.framework; sourceTree = "<group>"; };
		FFA826741E94964B00AFE2AD /* RxBlocking.framework */ = {isa = PBXFileReference; lastKnownFileType = wrapper.framework; name = RxBlocking.framework; path = Carthage/Build/iOS/RxBlocking.framework; sourceTree = "<group>"; };
		FFA826751E94964B00AFE2AD /* RxCocoa.framework */ = {isa = PBXFileReference; lastKnownFileType = wrapper.framework; name = RxCocoa.framework; path = Carthage/Build/iOS/RxCocoa.framework; sourceTree = "<group>"; };
		FFA826761E94964B00AFE2AD /* RxMoya.framework */ = {isa = PBXFileReference; lastKnownFileType = wrapper.framework; name = RxMoya.framework; path = Carthage/Build/iOS/RxMoya.framework; sourceTree = "<group>"; };
		FFA826771E94964B00AFE2AD /* RxSwift.framework */ = {isa = PBXFileReference; lastKnownFileType = wrapper.framework; name = RxSwift.framework; path = Carthage/Build/iOS/RxSwift.framework; sourceTree = "<group>"; };
		FFA826781E94964B00AFE2AD /* RxTest.framework */ = {isa = PBXFileReference; lastKnownFileType = wrapper.framework; name = RxTest.framework; path = Carthage/Build/iOS/RxTest.framework; sourceTree = "<group>"; };
		FFA826791E94964B00AFE2AD /* SwiftyJSON.framework */ = {isa = PBXFileReference; lastKnownFileType = wrapper.framework; name = SwiftyJSON.framework; path = Carthage/Build/iOS/SwiftyJSON.framework; sourceTree = "<group>"; };
		FFF4A9AD1EA1F7E500280E7A /* Media.xcassets */ = {isa = PBXFileReference; lastKnownFileType = folder.assetcatalog; path = Media.xcassets; sourceTree = "<group>"; };
/* End PBXFileReference section */

/* Begin PBXFrameworksBuildPhase section */
		FF34CDFA1E80B959007CF4F2 /* Frameworks */ = {
			isa = PBXFrameworksBuildPhase;
			buildActionMask = 2147483647;
			files = (
				FFA826A31E949AEF00AFE2AD /* RxCocoa.framework in Frameworks */,
				FFA8269B1E949AEF00AFE2AD /* Moya.framework in Frameworks */,
				FFA826AB1E949AEF00AFE2AD /* SwiftyJSON.framework in Frameworks */,
				FFA8269D1E949AEF00AFE2AD /* NSObject_Rx.framework in Frameworks */,
				FFA826A71E949AEF00AFE2AD /* RxSwift.framework in Frameworks */,
				FFA826991E949AEF00AFE2AD /* Alamofire.framework in Frameworks */,
				FFA826A51E949AEF00AFE2AD /* RxMoya.framework in Frameworks */,
				FFA8269F1E949AEF00AFE2AD /* Result.framework in Frameworks */,
			);
			runOnlyForDeploymentPostprocessing = 0;
		};
/* End PBXFrameworksBuildPhase section */

/* Begin PBXGroup section */
		156DA51E30333945F83264BC /* Frameworks */ = {
			isa = PBXGroup;
			children = (
			);
			name = Frameworks;
			sourceTree = "<group>";
		};
		FF1B96451E8877DC00944468 /* Enums */ = {
			isa = PBXGroup;
			children = (
				FF1B96411E88747C00944468 /* RoomType.swift */,
			);
			name = Enums;
			sourceTree = "<group>";
		};
		FF34CDF41E80B959007CF4F2 = {
			isa = PBXGroup;
			children = (
				FFA826701E94964B00AFE2AD /* Alamofire.framework */,
				FFA826711E94964B00AFE2AD /* Moya.framework */,
				FFA826721E94964B00AFE2AD /* NSObject_Rx.framework */,
				FFA826731E94964B00AFE2AD /* Result.framework */,
				FFA826741E94964B00AFE2AD /* RxBlocking.framework */,
				FFA826751E94964B00AFE2AD /* RxCocoa.framework */,
				FFA826761E94964B00AFE2AD /* RxMoya.framework */,
				FFA826771E94964B00AFE2AD /* RxSwift.framework */,
				FFA826781E94964B00AFE2AD /* RxTest.framework */,
				FFA826791E94964B00AFE2AD /* SwiftyJSON.framework */,
				FF34CDFF1E80B95F007CF4F2 /* PicassoHouse */,
				FF34CDFE1E80B95F007CF4F2 /* Products */,
				156DA51E30333945F83264BC /* Frameworks */,
			);
			sourceTree = "<group>";
		};
		FF34CDFE1E80B95F007CF4F2 /* Products */ = {
			isa = PBXGroup;
			children = (
				FF34CDFD1E80B95F007CF4F2 /* PicassoHouse.app */,
			);
			name = Products;
			sourceTree = "<group>";
		};
		FF34CDFF1E80B95F007CF4F2 /* PicassoHouse */ = {
			isa = PBXGroup;
			children = (
				FF34CE161E80B9C5007CF4F2 /* Resources */,
				FF34CE151E80B9B8007CF4F2 /* Core */,
				FF34CE141E80B981007CF4F2 /* App */,
				FF34CE001E80B960007CF4F2 /* AppDelegate.swift */,
				FF34CE2C1E80C18D007CF4F2 /* AppRouter.swift */,
			);
			path = PicassoHouse;
			sourceTree = "<group>";
		};
		FF34CE141E80B981007CF4F2 /* App */ = {
			isa = PBXGroup;
			children = (
				FF34CE3D1E80D789007CF4F2 /* Dashboard */,
				FF34CE3A1E80D731007CF4F2 /* Infos */,
				FF34CE371E80D6A7007CF4F2 /* Lights */,
				FF34CE2E1E80C2DF007CF4F2 /* Profile */,
				FF34CE311E80CB2F007CF4F2 /* PHNavigationController.swift */,
				FF34CE351E80D535007CF4F2 /* PHTabBarController.swift */,
			);
			name = App;
			sourceTree = "<group>";
		};
		FF34CE151E80B9B8007CF4F2 /* Core */ = {
			isa = PBXGroup;
			children = (
				FF34CE1A1E80B9EB007CF4F2 /* Protocols */,
				FF34CE191E80B9E4007CF4F2 /* Networking */,
				FF34CE181E80B9DF007CF4F2 /* Models */,
				FF34CE171E80B9D2007CF4F2 /* Extensions */,
				FF34CE331E80CBA8007CF4F2 /* Styles.swift */,
			);
			name = Core;
			sourceTree = "<group>";
		};
		FF34CE161E80B9C5007CF4F2 /* Resources */ = {
			isa = PBXGroup;
			children = (
				FFF4A9AD1EA1F7E500280E7A /* Media.xcassets */,
				FF34CE091E80B962007CF4F2 /* Assets.xcassets */,
				FF34CE0B1E80B962007CF4F2 /* LaunchScreen.storyboard */,
				FF34CE0E1E80B962007CF4F2 /* Info.plist */,
			);
			name = Resources;
			sourceTree = "<group>";
		};
		FF34CE171E80B9D2007CF4F2 /* Extensions */ = {
			isa = PBXGroup;
			children = (
				FF34CE2F1E80CA95007CF4F2 /* Observable+SwiftJSON.swift */,
				FF1B964C1E888F9600944468 /* UIImage+UIColors.swift */,
			);
			name = Extensions;
			sourceTree = "<group>";
		};
		FF34CE181E80B9DF007CF4F2 /* Models */ = {
			isa = PBXGroup;
			children = (
				FF1B96451E8877DC00944468 /* Enums */,
				FF34CE2A1E80BB18007CF4F2 /* User.swift */,
				FF1B96481E8878AE00944468 /* Room.swift */,
			);
			name = Models;
			sourceTree = "<group>";
		};
		FF34CE191E80B9E4007CF4F2 /* Networking */ = {
			isa = PBXGroup;
			children = (
			);
			name = Networking;
			sourceTree = "<group>";
		};
		FF34CE1A1E80B9EB007CF4F2 /* Protocols */ = {
			isa = PBXGroup;
			children = (
				FF34CE1D1E80BA03007CF4F2 /* Views */,
				FF34CE1C1E80B9FD007CF4F2 /* ViewModels */,
				FF34CE281E80BAF7007CF4F2 /* JSONAble.swift */,
			);
			name = Protocols;
			sourceTree = "<group>";
		};
		FF34CE1C1E80B9FD007CF4F2 /* ViewModels */ = {
			isa = PBXGroup;
			children = (
				FF34CE221E80BA76007CF4F2 /* ViewModel.swift */,
			);
			name = ViewModels;
			sourceTree = "<group>";
		};
		FF34CE1D1E80BA03007CF4F2 /* Views */ = {
			isa = PBXGroup;
			children = (
				FF34CE1E1E80BA2E007CF4F2 /* ViewConfiguration.swift */,
			);
			name = Views;
			sourceTree = "<group>";
		};
		FF34CE2E1E80C2DF007CF4F2 /* Profile */ = {
			isa = PBXGroup;
			children = (
				FF34CE021E80B960007CF4F2 /* ProfileViewController.swift */,
			);
			name = Profile;
			sourceTree = "<group>";
		};
		FF34CE371E80D6A7007CF4F2 /* Lights */ = {
			isa = PBXGroup;
			children = (
				FF34CE381E80D6BA007CF4F2 /* LightsTableViewController.swift */,
				FF1B963F1E8873F400944468 /* LightsViewModel.swift */,
				FF1B96431E8875DE00944468 /* LightItemViewModel.swift */,
				FF1B964A1E887E2500944468 /* LightTableViewCell.swift */,
			);
			name = Lights;
			sourceTree = "<group>";
		};
		FF34CE3A1E80D731007CF4F2 /* Infos */ = {
			isa = PBXGroup;
			children = (
				FF34CE3B1E80D73D007CF4F2 /* InfoViewController.swift */,
			);
			name = Infos;
			sourceTree = "<group>";
		};
		FF34CE3D1E80D789007CF4F2 /* Dashboard */ = {
			isa = PBXGroup;
			children = (
				FF34CE3E1E80D7E8007CF4F2 /* DashboardViewController.swift */,
			);
			name = Dashboard;
			sourceTree = "<group>";
		};
/* End PBXGroup section */

/* Begin PBXNativeTarget section */
		FF34CDFC1E80B959007CF4F2 /* PicassoHouse */ = {
			isa = PBXNativeTarget;
			buildConfigurationList = FF34CE111E80B962007CF4F2 /* Build configuration list for PBXNativeTarget "PicassoHouse" */;
			buildPhases = (
				FF34CDF91E80B959007CF4F2 /* Sources */,
				FF34CE401E80D93D007CF4F2 /* Swiftlint */,
				FF34CDFA1E80B959007CF4F2 /* Frameworks */,
				FF34CDFB1E80B959007CF4F2 /* Resources */,
				FFA826AD1E949AEF00AFE2AD /* Embed Frameworks */,
			);
			buildRules = (
			);
			dependencies = (
			);
			name = PicassoHouse;
			productName = PicassoHouse;
			productReference = FF34CDFD1E80B95F007CF4F2 /* PicassoHouse.app */;
			productType = "com.apple.product-type.application";
		};
/* End PBXNativeTarget section */

/* Begin PBXProject section */
		FF34CDF51E80B959007CF4F2 /* Project object */ = {
			isa = PBXProject;
			attributes = {
				LastSwiftUpdateCheck = 0820;
				LastUpgradeCheck = 0820;
				ORGANIZATIONNAME = CoderUP;
				TargetAttributes = {
					FF34CDFC1E80B959007CF4F2 = {
						CreatedOnToolsVersion = 8.2.1;
						DevelopmentTeam = FJG2DUNYBN;
						ProvisioningStyle = Automatic;
					};
				};
			};
			buildConfigurationList = FF34CDF81E80B959007CF4F2 /* Build configuration list for PBXProject "PicassoHouse" */;
			compatibilityVersion = "Xcode 3.2";
			developmentRegion = English;
			hasScannedForEncodings = 0;
			knownRegions = (
				en,
				Base,
			);
			mainGroup = FF34CDF41E80B959007CF4F2;
			productRefGroup = FF34CDFE1E80B95F007CF4F2 /* Products */;
			projectDirPath = "";
			projectRoot = "";
			targets = (
				FF34CDFC1E80B959007CF4F2 /* PicassoHouse */,
			);
		};
/* End PBXProject section */

/* Begin PBXResourcesBuildPhase section */
		FF34CDFB1E80B959007CF4F2 /* Resources */ = {
			isa = PBXResourcesBuildPhase;
			buildActionMask = 2147483647;
			files = (
				FF34CE0D1E80B962007CF4F2 /* LaunchScreen.storyboard in Resources */,
				FFF4A9AE1EA1F7E500280E7A /* Media.xcassets in Resources */,
				FF34CE0A1E80B962007CF4F2 /* Assets.xcassets in Resources */,
			);
			runOnlyForDeploymentPostprocessing = 0;
		};
/* End PBXResourcesBuildPhase section */

/* Begin PBXShellScriptBuildPhase section */
		FF34CE401E80D93D007CF4F2 /* Swiftlint */ = {
			isa = PBXShellScriptBuildPhase;
			buildActionMask = 2147483647;
			files = (
			);
			inputPaths = (
			);
			name = Swiftlint;
			outputPaths = (
			);
			runOnlyForDeploymentPostprocessing = 0;
			shellPath = /bin/sh;
			shellScript = "if which swiftlint >/dev/null; then\n    swiftlint\nelse\n    echo \"warning: SwiftLint not installed, download from https://github.com/realm/SwiftLint\"\nfi";
		};
/* End PBXShellScriptBuildPhase section */

/* Begin PBXSourcesBuildPhase section */
		FF34CDF91E80B959007CF4F2 /* Sources */ = {
			isa = PBXSourcesBuildPhase;
			buildActionMask = 2147483647;
			files = (
				FF34CE301E80CA95007CF4F2 /* Observable+SwiftJSON.swift in Sources */,
				FF1B964D1E888F9600944468 /* UIImage+UIColors.swift in Sources */,
				FF34CE3F1E80D7E8007CF4F2 /* DashboardViewController.swift in Sources */,
				FF1B96491E8878AE00944468 /* Room.swift in Sources */,
				FF1B96441E8875DE00944468 /* LightItemViewModel.swift in Sources */,
				FF1B96421E88747C00944468 /* RoomType.swift in Sources */,
				FF34CE361E80D535007CF4F2 /* PHTabBarController.swift in Sources */,
				FF34CE291E80BAF7007CF4F2 /* JSONAble.swift in Sources */,
				FF34CE391E80D6BA007CF4F2 /* LightsTableViewController.swift in Sources */,
				FF34CE321E80CB2F007CF4F2 /* PHNavigationController.swift in Sources */,
				FF34CE1F1E80BA2E007CF4F2 /* ViewConfiguration.swift in Sources */,
				FF1B964B1E887E2500944468 /* LightTableViewCell.swift in Sources */,
				FF34CE011E80B960007CF4F2 /* AppDelegate.swift in Sources */,
				FF34CE341E80CBA8007CF4F2 /* Styles.swift in Sources */,
				FF34CE2D1E80C18D007CF4F2 /* AppRouter.swift in Sources */,
				FF34CE3C1E80D73D007CF4F2 /* InfoViewController.swift in Sources */,
				FF34CE231E80BA76007CF4F2 /* ViewModel.swift in Sources */,
				FF34CE2B1E80BB18007CF4F2 /* User.swift in Sources */,
				FF34CE031E80B960007CF4F2 /* ProfileViewController.swift in Sources */,
				FF1B96401E8873F400944468 /* LightsViewModel.swift in Sources */,
			);
			runOnlyForDeploymentPostprocessing = 0;
		};
/* End PBXSourcesBuildPhase section */

/* Begin PBXVariantGroup section */
		FF34CE0B1E80B962007CF4F2 /* LaunchScreen.storyboard */ = {
			isa = PBXVariantGroup;
			children = (
				FF34CE0C1E80B962007CF4F2 /* Base */,
			);
			name = LaunchScreen.storyboard;
			sourceTree = "<group>";
		};
/* End PBXVariantGroup section */

/* Begin XCBuildConfiguration section */
		FF34CE0F1E80B962007CF4F2 /* Debug */ = {
			isa = XCBuildConfiguration;
			buildSettings = {
				ALWAYS_SEARCH_USER_PATHS = NO;
				CLANG_ANALYZER_NONNULL = YES;
				CLANG_CXX_LANGUAGE_STANDARD = "gnu++0x";
				CLANG_CXX_LIBRARY = "libc++";
				CLANG_ENABLE_MODULES = YES;
				CLANG_ENABLE_OBJC_ARC = YES;
				CLANG_WARN_BOOL_CONVERSION = YES;
				CLANG_WARN_CONSTANT_CONVERSION = YES;
				CLANG_WARN_DIRECT_OBJC_ISA_USAGE = YES_ERROR;
				CLANG_WARN_DOCUMENTATION_COMMENTS = YES;
				CLANG_WARN_EMPTY_BODY = YES;
				CLANG_WARN_ENUM_CONVERSION = YES;
				CLANG_WARN_INFINITE_RECURSION = YES;
				CLANG_WARN_INT_CONVERSION = YES;
				CLANG_WARN_OBJC_ROOT_CLASS = YES_ERROR;
				CLANG_WARN_SUSPICIOUS_MOVE = YES;
				CLANG_WARN_UNREACHABLE_CODE = YES;
				CLANG_WARN__DUPLICATE_METHOD_MATCH = YES;
				"CODE_SIGN_IDENTITY[sdk=iphoneos*]" = "iPhone Developer";
				COPY_PHASE_STRIP = NO;
				DEBUG_INFORMATION_FORMAT = dwarf;
				ENABLE_STRICT_OBJC_MSGSEND = YES;
				ENABLE_TESTABILITY = YES;
				GCC_C_LANGUAGE_STANDARD = gnu99;
				GCC_DYNAMIC_NO_PIC = NO;
				GCC_NO_COMMON_BLOCKS = YES;
				GCC_OPTIMIZATION_LEVEL = 0;
				GCC_PREPROCESSOR_DEFINITIONS = (
					"DEBUG=1",
					"$(inherited)",
				);
				GCC_WARN_64_TO_32_BIT_CONVERSION = YES;
				GCC_WARN_ABOUT_RETURN_TYPE = YES_ERROR;
				GCC_WARN_UNDECLARED_SELECTOR = YES;
				GCC_WARN_UNINITIALIZED_AUTOS = YES_AGGRESSIVE;
				GCC_WARN_UNUSED_FUNCTION = YES;
				GCC_WARN_UNUSED_VARIABLE = YES;
				IPHONEOS_DEPLOYMENT_TARGET = 10.2;
				MTL_ENABLE_DEBUG_INFO = YES;
				ONLY_ACTIVE_ARCH = YES;
				SDKROOT = iphoneos;
				SWIFT_ACTIVE_COMPILATION_CONDITIONS = DEBUG;
				SWIFT_OPTIMIZATION_LEVEL = "-Onone";
			};
			name = Debug;
		};
		FF34CE101E80B962007CF4F2 /* Release */ = {
			isa = XCBuildConfiguration;
			buildSettings = {
				ALWAYS_SEARCH_USER_PATHS = NO;
				CLANG_ANALYZER_NONNULL = YES;
				CLANG_CXX_LANGUAGE_STANDARD = "gnu++0x";
				CLANG_CXX_LIBRARY = "libc++";
				CLANG_ENABLE_MODULES = YES;
				CLANG_ENABLE_OBJC_ARC = YES;
				CLANG_WARN_BOOL_CONVERSION = YES;
				CLANG_WARN_CONSTANT_CONVERSION = YES;
				CLANG_WARN_DIRECT_OBJC_ISA_USAGE = YES_ERROR;
				CLANG_WARN_DOCUMENTATION_COMMENTS = YES;
				CLANG_WARN_EMPTY_BODY = YES;
				CLANG_WARN_ENUM_CONVERSION = YES;
				CLANG_WARN_INFINITE_RECURSION = YES;
				CLANG_WARN_INT_CONVERSION = YES;
				CLANG_WARN_OBJC_ROOT_CLASS = YES_ERROR;
				CLANG_WARN_SUSPICIOUS_MOVE = YES;
				CLANG_WARN_UNREACHABLE_CODE = YES;
				CLANG_WARN__DUPLICATE_METHOD_MATCH = YES;
				"CODE_SIGN_IDENTITY[sdk=iphoneos*]" = "iPhone Developer";
				COPY_PHASE_STRIP = NO;
				DEBUG_INFORMATION_FORMAT = "dwarf-with-dsym";
				ENABLE_NS_ASSERTIONS = NO;
				ENABLE_STRICT_OBJC_MSGSEND = YES;
				GCC_C_LANGUAGE_STANDARD = gnu99;
				GCC_NO_COMMON_BLOCKS = YES;
				GCC_WARN_64_TO_32_BIT_CONVERSION = YES;
				GCC_WARN_ABOUT_RETURN_TYPE = YES_ERROR;
				GCC_WARN_UNDECLARED_SELECTOR = YES;
				GCC_WARN_UNINITIALIZED_AUTOS = YES_AGGRESSIVE;
				GCC_WARN_UNUSED_FUNCTION = YES;
				GCC_WARN_UNUSED_VARIABLE = YES;
				IPHONEOS_DEPLOYMENT_TARGET = 10.2;
				MTL_ENABLE_DEBUG_INFO = NO;
				SDKROOT = iphoneos;
				SWIFT_OPTIMIZATION_LEVEL = "-Owholemodule";
				VALIDATE_PRODUCT = YES;
			};
			name = Release;
		};
		FF34CE121E80B962007CF4F2 /* Debug */ = {
			isa = XCBuildConfiguration;
			buildSettings = {
				ASSETCATALOG_COMPILER_APPICON_NAME = AppIcon;
				DEVELOPMENT_TEAM = FJG2DUNYBN;
				FRAMEWORK_SEARCH_PATHS = (
					"$(inherited)",
					"$(PROJECT_DIR)/Carthage/Build/iOS",
				);
				INFOPLIST_FILE = PicassoHouse/Info.plist;
				IPHONEOS_DEPLOYMENT_TARGET = 9.0;
				LD_RUNPATH_SEARCH_PATHS = "$(inherited) @executable_path/Frameworks";
				PRODUCT_BUNDLE_IDENTIFIER = br.com.coderup.PicassoHouse;
				PRODUCT_NAME = "$(TARGET_NAME)";
				SWIFT_VERSION = 3.0;
			};
			name = Debug;
		};
		FF34CE131E80B962007CF4F2 /* Release */ = {
			isa = XCBuildConfiguration;
			buildSettings = {
				ASSETCATALOG_COMPILER_APPICON_NAME = AppIcon;
				DEVELOPMENT_TEAM = FJG2DUNYBN;
				FRAMEWORK_SEARCH_PATHS = (
					"$(inherited)",
					"$(PROJECT_DIR)/Carthage/Build/iOS",
				);
				INFOPLIST_FILE = PicassoHouse/Info.plist;
				IPHONEOS_DEPLOYMENT_TARGET = 9.0;
				LD_RUNPATH_SEARCH_PATHS = "$(inherited) @executable_path/Frameworks";
				PRODUCT_BUNDLE_IDENTIFIER = br.com.coderup.PicassoHouse;
				PRODUCT_NAME = "$(TARGET_NAME)";
				SWIFT_VERSION = 3.0;
			};
			name = Release;
		};
/* End XCBuildConfiguration section */

/* Begin XCConfigurationList section */
		FF34CDF81E80B959007CF4F2 /* Build configuration list for PBXProject "PicassoHouse" */ = {
			isa = XCConfigurationList;
			buildConfigurations = (
				FF34CE0F1E80B962007CF4F2 /* Debug */,
				FF34CE101E80B962007CF4F2 /* Release */,
			);
			defaultConfigurationIsVisible = 0;
			defaultConfigurationName = Release;
		};
		FF34CE111E80B962007CF4F2 /* Build configuration list for PBXNativeTarget "PicassoHouse" */ = {
			isa = XCConfigurationList;
			buildConfigurations = (
				FF34CE121E80B962007CF4F2 /* Debug */,
				FF34CE131E80B962007CF4F2 /* Release */,
			);
			defaultConfigurationIsVisible = 0;
			defaultConfigurationName = Release;
		};
/* End XCConfigurationList section */
	};
	rootObject = FF34CDF51E80B959007CF4F2 /* Project object */;
}
